
Microsoft Visual Studio Solution File, Format Version 12.00
# Visual Studio Version 17
VisualStudioVersion = 17.10.35027.167
MinimumVisualStudioVersion = 10.0.40219.1
Project("{9A19103F-16F7-4668-BE54-9A1E7A4F7556}") = "Poke.LAB.API", "Poke.LAB.API\Poke.LAB.API.csproj", "{177227D5-F2EB-447F-A6F3-B152E38302A0}"
EndProject
Project("{2150E333-8FDC-42A3-9474-1A3956D46DE8}") = "01 - FRONT-END", "01 - FRONT-END", "{9292912C-0F38-4CE9-A2DD-6DCFD2A14F56}"
EndProject
Project("{2150E333-8FDC-42A3-9474-1A3956D46DE8}") = "02- BACK-END", "02- BACK-END", "{5ACB7DA6-3E05-435E-9642-18D7EA4471A9}"
EndProject
Project("{9A19103F-16F7-4668-BE54-9A1E7A4F7556}") = "Poke.LAB.DAL", "Poke.LAB.DAL\Poke.LAB.DAL.csproj", "{65A61755-AB3B-4B93-8BC8-3F4AD58D8D1A}"
EndProject
Project("{9A19103F-16F7-4668-BE54-9A1E7A4F7556}") = "Poke.LAB.Core", "Poke.LAB.Core\Poke.LAB.Core.csproj", "{0FAB7632-FD2C-4CA3-8690-B4E372E9901D}"
EndProject
Project("{9A19103F-16F7-4668-BE54-9A1E7A4F7556}") = "Poke.LAB.Testing", "Poke.LAB.Testing\Poke.LAB.Testing.csproj", "{89523C2F-AB6B-4FBA-8019-624630E6DF1E}"
EndProject
Project("{2150E333-8FDC-42A3-9474-1A3956D46DE8}") = "01 - Presentation", "01 - Presentation", "{A50B4D1F-C2AF-4010-B225-AB43E7D09D52}"
EndProject
Project("{2150E333-8FDC-42A3-9474-1A3956D46DE8}") = "02 - Bussiness", "02 - Bussiness", "{2171D05F-ADD4-4F3E-8C1E-CB97495FF961}"
EndProject
Project("{2150E333-8FDC-42A3-9474-1A3956D46DE8}") = "03 - Data", "03 - Data", "{42C316DA-0EB1-4A3F-8628-FB636EC4DF2A}"
EndProject
Project("{9A19103F-16F7-4668-BE54-9A1E7A4F7556}") = "Poke.LAB.PokeApi", "Poke.LAB.PokeApi\Poke.LAB.PokeApi.csproj", "{9D9C7189-5267-4558-BAAD-6AABBE1BAC08}"
EndProject
Project("{54A90642-561A-4BB1-A94E-469ADEE60C69}") = "Poke.Lab.UX", "Poke.Lab.UX\Poke.Lab.UX.esproj", "{9BE6D3ED-81D0-4C75-B6B1-3DA44F66D4BA}"
EndProject
Global
	GlobalSection(SolutionConfigurationPlatforms) = preSolution
		Debug|Any CPU = Debug|Any CPU
		Release|Any CPU = Release|Any CPU
	EndGlobalSection
	GlobalSection(ProjectConfigurationPlatforms) = postSolution
		{177227D5-F2EB-447F-A6F3-B152E38302A0}.Debug|Any CPU.ActiveCfg = Debug|Any CPU
		{177227D5-F2EB-447F-A6F3-B152E38302A0}.Debug|Any CPU.Build.0 = Debug|Any CPU
		{177227D5-F2EB-447F-A6F3-B152E38302A0}.Release|Any CPU.ActiveCfg = Release|Any CPU
		{177227D5-F2EB-447F-A6F3-B152E38302A0}.Release|Any CPU.Build.0 = Release|Any CPU
		{65A61755-AB3B-4B93-8BC8-3F4AD58D8D1A}.Debug|Any CPU.ActiveCfg = Debug|Any CPU
		{65A61755-AB3B-4B93-8BC8-3F4AD58D8D1A}.Debug|Any CPU.Build.0 = Debug|Any CPU
		{65A61755-AB3B-4B93-8BC8-3F4AD58D8D1A}.Release|Any CPU.ActiveCfg = Release|Any CPU
		{65A61755-AB3B-4B93-8BC8-3F4AD58D8D1A}.Release|Any CPU.Build.0 = Release|Any CPU
		{0FAB7632-FD2C-4CA3-8690-B4E372E9901D}.Debug|Any CPU.ActiveCfg = Debug|Any CPU
		{0FAB7632-FD2C-4CA3-8690-B4E372E9901D}.Debug|Any CPU.Build.0 = Debug|Any CPU
		{0FAB7632-FD2C-4CA3-8690-B4E372E9901D}.Release|Any CPU.ActiveCfg = Release|Any CPU
		{0FAB7632-FD2C-4CA3-8690-B4E372E9901D}.Release|Any CPU.Build.0 = Release|Any CPU
		{89523C2F-AB6B-4FBA-8019-624630E6DF1E}.Debug|Any CPU.ActiveCfg = Debug|Any CPU
		{89523C2F-AB6B-4FBA-8019-624630E6DF1E}.Debug|Any CPU.Build.0 = Debug|Any CPU
		{89523C2F-AB6B-4FBA-8019-624630E6DF1E}.Release|Any CPU.ActiveCfg = Release|Any CPU
		{89523C2F-AB6B-4FBA-8019-624630E6DF1E}.Release|Any CPU.Build.0 = Release|Any CPU
		{9D9C7189-5267-4558-BAAD-6AABBE1BAC08}.Debug|Any CPU.ActiveCfg = Debug|Any CPU
		{9D9C7189-5267-4558-BAAD-6AABBE1BAC08}.Debug|Any CPU.Build.0 = Debug|Any CPU
		{9D9C7189-5267-4558-BAAD-6AABBE1BAC08}.Release|Any CPU.ActiveCfg = Release|Any CPU
		{9D9C7189-5267-4558-BAAD-6AABBE1BAC08}.Release|Any CPU.Build.0 = Release|Any CPU
		{9BE6D3ED-81D0-4C75-B6B1-3DA44F66D4BA}.Debug|Any CPU.ActiveCfg = Debug|Any CPU
		{9BE6D3ED-81D0-4C75-B6B1-3DA44F66D4BA}.Debug|Any CPU.Build.0 = Debug|Any CPU
		{9BE6D3ED-81D0-4C75-B6B1-3DA44F66D4BA}.Debug|Any CPU.Deploy.0 = Debug|Any CPU
		{9BE6D3ED-81D0-4C75-B6B1-3DA44F66D4BA}.Release|Any CPU.ActiveCfg = Release|Any CPU
		{9BE6D3ED-81D0-4C75-B6B1-3DA44F66D4BA}.Release|Any CPU.Build.0 = Release|Any CPU
		{9BE6D3ED-81D0-4C75-B6B1-3DA44F66D4BA}.Release|Any CPU.Deploy.0 = Release|Any CPU
	EndGlobalSection
	GlobalSection(SolutionProperties) = preSolution
		HideSolutionNode = FALSE
	EndGlobalSection
	GlobalSection(NestedProjects) = preSolution
		{177227D5-F2EB-447F-A6F3-B152E38302A0} = {A50B4D1F-C2AF-4010-B225-AB43E7D09D52}
		{65A61755-AB3B-4B93-8BC8-3F4AD58D8D1A} = {42C316DA-0EB1-4A3F-8628-FB636EC4DF2A}
		{0FAB7632-FD2C-4CA3-8690-B4E372E9901D} = {2171D05F-ADD4-4F3E-8C1E-CB97495FF961}
		{89523C2F-AB6B-4FBA-8019-624630E6DF1E} = {A50B4D1F-C2AF-4010-B225-AB43E7D09D52}
		{A50B4D1F-C2AF-4010-B225-AB43E7D09D52} = {5ACB7DA6-3E05-435E-9642-18D7EA4471A9}
		{2171D05F-ADD4-4F3E-8C1E-CB97495FF961} = {5ACB7DA6-3E05-435E-9642-18D7EA4471A9}
		{42C316DA-0EB1-4A3F-8628-FB636EC4DF2A} = {5ACB7DA6-3E05-435E-9642-18D7EA4471A9}
		{9D9C7189-5267-4558-BAAD-6AABBE1BAC08} = {42C316DA-0EB1-4A3F-8628-FB636EC4DF2A}
		{9BE6D3ED-81D0-4C75-B6B1-3DA44F66D4BA} = {9292912C-0F38-4CE9-A2DD-6DCFD2A14F56}
	EndGlobalSection
	GlobalSection(ExtensibilityGlobals) = postSolution
		SolutionGuid = {A449153F-E73B-4665-BD00-78F7CB6AFE48}
	EndGlobalSection
EndGlobal
